
Microsoft Visual Studio Solution File, Format Version 11.00
# Visual Studio 2010
Project("{FAE04EC0-301F-11D3-BF4B-00C04F79EFBC}") = "WCFService", "MyService\WCFService.csproj", "{9C344957-81BF-47D8-808C-A0CD3426CD6C}"
EndProject
Global
	GlobalSection(SolutionConfigurationPlatforms) = preSolution
		Debug|Any CPU = Debug|Any CPU
		Release|Any CPU = Release|Any CPU
	EndGlobalSection
	GlobalSection(ProjectConfigurationPlatforms) = postSolution
		{9C344957-81BF-47D8-808C-A0CD3426CD6C}.Debug|Any CPU.ActiveCfg = Debug|Any CPU
		{9C344957-81BF-47D8-808C-A0CD3426CD6C}.Debug|Any CPU.Build.0 = Debug|Any CPU
		{9C344957-81BF-47D8-808C-A0CD3426CD6C}.Release|Any CPU.ActiveCfg = Release|Any CPU
		{9C344957-81BF-47D8-808C-A0CD3426CD6C}.Release|Any CPU.Build.0 = Release|Any CPU
	EndGlobalSection
	GlobalSection(SolutionProperties) = preSolution
		HideSolutionNode = FALSE
	EndGlobalSection
EndGlobal
