
Microsoft Visual Studio Solution File, Format Version 11.00
# Visual Studio 2010
Project("{FAE04EC0-301F-11D3-BF4B-00C04F79EFBC}") = "HelloJSON", "HelloJSON\HelloJSON.csproj", "{67659829-942C-4DDD-94A1-F48573E06BD6}"
EndProject
Global
	GlobalSection(SolutionConfigurationPlatforms) = preSolution
		Debug|Any CPU = Debug|Any CPU
		Release|Any CPU = Release|Any CPU
	EndGlobalSection
	GlobalSection(ProjectConfigurationPlatforms) = postSolution
		{67659829-942C-4DDD-94A1-F48573E06BD6}.Debug|Any CPU.ActiveCfg = Debug|Any CPU
		{67659829-942C-4DDD-94A1-F48573E06BD6}.Debug|Any CPU.Build.0 = Debug|Any CPU
		{67659829-942C-4DDD-94A1-F48573E06BD6}.Release|Any CPU.ActiveCfg = Release|Any CPU
		{67659829-942C-4DDD-94A1-F48573E06BD6}.Release|Any CPU.Build.0 = Release|Any CPU
	EndGlobalSection
	GlobalSection(SolutionProperties) = preSolution
		HideSolutionNode = FALSE
	EndGlobalSection
EndGlobal
