
Microsoft Visual Studio Solution File, Format Version 11.00
# Visual Studio 2010
Project("{FAE04EC0-301F-11D3-BF4B-00C04F79EFBC}") = "MvcApplication2", "MvcApplication2\MvcApplication2.csproj", "{E8EA9750-FF46-49BC-9DAF-3F0B21D9C809}"
EndProject
Project("{FAE04EC0-301F-11D3-BF4B-00C04F79EFBC}") = "MvcApplication2.Tests", "MvcApplication2.Tests\MvcApplication2.Tests.csproj", "{073EEA34-5E4B-4B3A-A1CE-77C6523820E2}"
EndProject
Global
	GlobalSection(SolutionConfigurationPlatforms) = preSolution
		Debug|Any CPU = Debug|Any CPU
		Release|Any CPU = Release|Any CPU
	EndGlobalSection
	GlobalSection(ProjectConfigurationPlatforms) = postSolution
		{E8EA9750-FF46-49BC-9DAF-3F0B21D9C809}.Debug|Any CPU.ActiveCfg = Debug|Any CPU
		{E8EA9750-FF46-49BC-9DAF-3F0B21D9C809}.Debug|Any CPU.Build.0 = Debug|Any CPU
		{E8EA9750-FF46-49BC-9DAF-3F0B21D9C809}.Release|Any CPU.ActiveCfg = Release|Any CPU
		{E8EA9750-FF46-49BC-9DAF-3F0B21D9C809}.Release|Any CPU.Build.0 = Release|Any CPU
		{073EEA34-5E4B-4B3A-A1CE-77C6523820E2}.Debug|Any CPU.ActiveCfg = Debug|Any CPU
		{073EEA34-5E4B-4B3A-A1CE-77C6523820E2}.Debug|Any CPU.Build.0 = Debug|Any CPU
		{073EEA34-5E4B-4B3A-A1CE-77C6523820E2}.Release|Any CPU.ActiveCfg = Release|Any CPU
		{073EEA34-5E4B-4B3A-A1CE-77C6523820E2}.Release|Any CPU.Build.0 = Release|Any CPU
	EndGlobalSection
	GlobalSection(SolutionProperties) = preSolution
		HideSolutionNode = FALSE
	EndGlobalSection
EndGlobal
